
Microsoft Visual Studio Solution File, Format Version 12.00
# Visual Studio 15
VisualStudioVersion = 15.0.26730.15
MinimumVisualStudioVersion = 10.0.40219.1
Project("{FAE04EC0-301F-11D3-BF4B-00C04F79EFBC}") = "ADTest", "ADTest\ADTest.csproj", "{8C681F75-D318-46DC-A948-35B5C043A64D}"
EndProject
Global
	GlobalSection(SolutionConfigurationPlatforms) = preSolution
		Debug|Any CPU = Debug|Any CPU
		Release|Any CPU = Release|Any CPU
	EndGlobalSection
	GlobalSection(ProjectConfigurationPlatforms) = postSolution
		{8C681F75-D318-46DC-A948-35B5C043A64D}.Debug|Any CPU.ActiveCfg = Debug|Any CPU
		{8C681F75-D318-46DC-A948-35B5C043A64D}.Debug|Any CPU.Build.0 = Debug|Any CPU
		{8C681F75-D318-46DC-A948-35B5C043A64D}.Release|Any CPU.ActiveCfg = Release|Any CPU
		{8C681F75-D318-46DC-A948-35B5C043A64D}.Release|Any CPU.Build.0 = Release|Any CPU
	EndGlobalSection
	GlobalSection(SolutionProperties) = preSolution
		HideSolutionNode = FALSE
	EndGlobalSection
	GlobalSection(ExtensibilityGlobals) = postSolution
		SolutionGuid = {9E31C557-AA63-4F74-8ADA-632F12C2068D}
	EndGlobalSection
EndGlobal
